
Microsoft Visual Studio Solution File, Format Version 12.00
# Visual Studio Version 16
VisualStudioVersion = 16.0.33529.622
MinimumVisualStudioVersion = 10.0.40219.1
Project("{FAE04EC0-301F-11D3-BF4B-00C04F79EFBC}") = "KR2_Sahabiev", "KR2_Sahabiev\KR2_Sahabiev.csproj", "{EF65BC34-0B18-4337-B016-29241AFAB48C}"
EndProject
Global
	GlobalSection(SolutionConfigurationPlatforms) = preSolution
		Debug|Any CPU = Debug|Any CPU
		Release|Any CPU = Release|Any CPU
	EndGlobalSection
	GlobalSection(ProjectConfigurationPlatforms) = postSolution
		{EF65BC34-0B18-4337-B016-29241AFAB48C}.Debug|Any CPU.ActiveCfg = Debug|Any CPU
		{EF65BC34-0B18-4337-B016-29241AFAB48C}.Debug|Any CPU.Build.0 = Debug|Any CPU
		{EF65BC34-0B18-4337-B016-29241AFAB48C}.Release|Any CPU.ActiveCfg = Release|Any CPU
		{EF65BC34-0B18-4337-B016-29241AFAB48C}.Release|Any CPU.Build.0 = Release|Any CPU
	EndGlobalSection
	GlobalSection(SolutionProperties) = preSolution
		HideSolutionNode = FALSE
	EndGlobalSection
	GlobalSection(ExtensibilityGlobals) = postSolution
		SolutionGuid = {3A2162CC-6C96-46BC-8BDE-6045A73EF83E}
	EndGlobalSection
EndGlobal
